name: "Update Flake Lock"

on:
  workflow_dispatch:
    inputs:
      path:
        description: 'Working directory path'
        required: false
        default: '.'
        type: string
      pr-title-prefix:
        description: 'PR title prefix'
        required: false
        default: ''
        type: string
  workflow_call:
    inputs:
      path:
        description: 'Working directory path'
        required: false
        default: '.'
        type: string
      pr-title-prefix:
        description: 'PR title prefix'
        required: false
        default: ''
        type: string
    secrets:
      GH_TOKEN:
        required: true
  schedule:
    - cron: '0 15 * * 5' # Run every Saturday at 00:00 JST (Friday 15:00 UTC)

jobs:
  update-flake-lock:
    permissions:
      contents: write
      pull-requests: write
    runs-on: ubuntu-latest
    steps:
      - name: Checkout repository
        uses: actions/checkout@v5

      - name: Install Nix
        uses: cachix/install-nix-action@v31
        with:
          github_access_token: ${{ secrets.GH_TOKEN }}

      - name: Generate branch name
        id: branch
        run: |
          path="${{ inputs.path || '.' }}"
          if [ "$path" = "." ]; then
            echo "name=update_flake_lock_action" >> $GITHUB_OUTPUT
          else
            # Replace slashes with underscores for branch name
            branch_suffix=$(echo "$path" | sed 's/\//_/g')
            echo "name=update_flake_lock_action_${branch_suffix}" >> $GITHUB_OUTPUT
          fi

      - name: Update flake.lock
        id: update
        uses: DeterminateSystems/update-flake-lock@main
        with:
          token: ${{ secrets.GH_TOKEN }}
          path-to-flake-dir: ${{ inputs.path || '.' }}
          pr-title: ${{ inputs.pr-title-prefix }}⬆️ Update flake.lock
          branch: ${{ steps.branch.outputs.name }}

      - name: Check cache and handle PR (haskell)
        if: ${{ steps.update.outputs.pull-request-number && inputs.path == 'templates/haskell' }}
        working-directory: ${{ inputs.path }}
        run: |
          ghc_path=$(nix build --dry-run '.#devShells.x86_64-linux.default' --accept-flake-config 2>&1 | grep -oE '/nix/store/[a-z0-9]+-ghc-[0-9]+\.[0-9]+\.[0-9]+$' | head -1)
          if [ -n "$ghc_path" ] && nix path-info --store https://cache.iog.io "$ghc_path" 2>/dev/null; then
            gh pr merge --auto --merge ${{ steps.update.outputs.pull-request-number }}
          else
            gh pr close ${{ steps.update.outputs.pull-request-number }} --comment "GHC not cached in IOG"
          fi
        env:
          GH_TOKEN: ${{ secrets.GH_TOKEN }}

      - name: Enable auto-merge
        if: ${{ steps.update.outputs.pull-request-number && inputs.path != 'templates/haskell' }}
        run: gh pr merge --auto --merge ${{ steps.update.outputs.pull-request-number }}
        env:
          GH_TOKEN: ${{ secrets.GH_TOKEN }}
